
Microsoft Visual Studio Solution File, Format Version 12.00
Project("{FAE04EC0-301F-11D3-BF4B-00C04F79EFBC}") = "TCC.Catalog.Domain", "microservices\catalog\domain\TCC.Catalog.Domain\TCC.Catalog.Domain.csproj", "{92946CC7-A661-4CB7-9526-B5C2075B7B28}"
EndProject
Project("{2150E333-8FDC-42A3-9474-1A3956D46DE8}") = "microservices", "microservices", "{EA5EDC6A-34F2-4E2F-BEBB-4CA58CB62448}"
EndProject
Project("{2150E333-8FDC-42A3-9474-1A3956D46DE8}") = "catalog", "catalog", "{66C0E1EA-F37F-4BEB-9D7B-B8175ABCA214}"
EndProject
Project("{2150E333-8FDC-42A3-9474-1A3956D46DE8}") = "domain", "domain", "{A9F0B59C-D652-4283-B746-4482DFA0EE42}"
EndProject
Project("{2150E333-8FDC-42A3-9474-1A3956D46DE8}") = "persistence", "persistence", "{CCA0162C-9650-462A-A25B-77C3DD16FD7B}"
EndProject
Project("{FAE04EC0-301F-11D3-BF4B-00C04F79EFBC}") = "TCC.Catalog.Persistence.SqlServer", "microservices\catalog\persistence\TCC.Catalog.Persistence.SqlServer\TCC.Catalog.Persistence.SqlServer.csproj", "{2A529AAE-0337-4281-92F5-49F47ED438FC}"
EndProject
Project("{FAE04EC0-301F-11D3-BF4B-00C04F79EFBC}") = "TCC.Catalog.Application", "microservices\catalog\domain\TCC.Catalog.Application\TCC.Catalog.Application.csproj", "{8849A75C-E5C0-4A3E-954A-F9356FAA1216}"
EndProject
Project("{2150E333-8FDC-42A3-9474-1A3956D46DE8}") = "apis", "apis", "{DB141DA1-8E37-40E7-A892-52111CDFDE70}"
EndProject
Project("{FAE04EC0-301F-11D3-BF4B-00C04F79EFBC}") = "TCC.Catalog.Api.GraphQL", "microservices\catalog\api\TCC.Catalog.Api.GraphQL\TCC.Catalog.Api.GraphQL.csproj", "{48244611-C434-4CF5-A3CF-D4D8E8302D97}"
EndProject
Project("{FAE04EC0-301F-11D3-BF4B-00C04F79EFBC}") = "TCC.Catalog.Api.RESTful", "microservices\catalog\api\TCC.Catalog.Api.RESTful\TCC.Catalog.Api.RESTful.csproj", "{B2F92337-6A58-497A-99F1-D8E5B3077273}"
EndProject
Global
	GlobalSection(SolutionConfigurationPlatforms) = preSolution
		Debug|Any CPU = Debug|Any CPU
		Release|Any CPU = Release|Any CPU
	EndGlobalSection
	GlobalSection(ProjectConfigurationPlatforms) = postSolution
		{92946CC7-A661-4CB7-9526-B5C2075B7B28}.Debug|Any CPU.ActiveCfg = Debug|Any CPU
		{92946CC7-A661-4CB7-9526-B5C2075B7B28}.Debug|Any CPU.Build.0 = Debug|Any CPU
		{92946CC7-A661-4CB7-9526-B5C2075B7B28}.Release|Any CPU.ActiveCfg = Release|Any CPU
		{92946CC7-A661-4CB7-9526-B5C2075B7B28}.Release|Any CPU.Build.0 = Release|Any CPU
		{2A529AAE-0337-4281-92F5-49F47ED438FC}.Debug|Any CPU.ActiveCfg = Debug|Any CPU
		{2A529AAE-0337-4281-92F5-49F47ED438FC}.Debug|Any CPU.Build.0 = Debug|Any CPU
		{2A529AAE-0337-4281-92F5-49F47ED438FC}.Release|Any CPU.ActiveCfg = Release|Any CPU
		{2A529AAE-0337-4281-92F5-49F47ED438FC}.Release|Any CPU.Build.0 = Release|Any CPU
		{8849A75C-E5C0-4A3E-954A-F9356FAA1216}.Debug|Any CPU.ActiveCfg = Debug|Any CPU
		{8849A75C-E5C0-4A3E-954A-F9356FAA1216}.Debug|Any CPU.Build.0 = Debug|Any CPU
		{8849A75C-E5C0-4A3E-954A-F9356FAA1216}.Release|Any CPU.ActiveCfg = Release|Any CPU
		{8849A75C-E5C0-4A3E-954A-F9356FAA1216}.Release|Any CPU.Build.0 = Release|Any CPU
		{48244611-C434-4CF5-A3CF-D4D8E8302D97}.Debug|Any CPU.ActiveCfg = Debug|Any CPU
		{48244611-C434-4CF5-A3CF-D4D8E8302D97}.Debug|Any CPU.Build.0 = Debug|Any CPU
		{48244611-C434-4CF5-A3CF-D4D8E8302D97}.Release|Any CPU.ActiveCfg = Release|Any CPU
		{48244611-C434-4CF5-A3CF-D4D8E8302D97}.Release|Any CPU.Build.0 = Release|Any CPU
		{B2F92337-6A58-497A-99F1-D8E5B3077273}.Debug|Any CPU.ActiveCfg = Debug|Any CPU
		{B2F92337-6A58-497A-99F1-D8E5B3077273}.Debug|Any CPU.Build.0 = Debug|Any CPU
		{B2F92337-6A58-497A-99F1-D8E5B3077273}.Release|Any CPU.ActiveCfg = Release|Any CPU
		{B2F92337-6A58-497A-99F1-D8E5B3077273}.Release|Any CPU.Build.0 = Release|Any CPU
	EndGlobalSection
	GlobalSection(NestedProjects) = preSolution
		{66C0E1EA-F37F-4BEB-9D7B-B8175ABCA214} = {EA5EDC6A-34F2-4E2F-BEBB-4CA58CB62448}
		{A9F0B59C-D652-4283-B746-4482DFA0EE42} = {66C0E1EA-F37F-4BEB-9D7B-B8175ABCA214}
		{92946CC7-A661-4CB7-9526-B5C2075B7B28} = {A9F0B59C-D652-4283-B746-4482DFA0EE42}
		{CCA0162C-9650-462A-A25B-77C3DD16FD7B} = {66C0E1EA-F37F-4BEB-9D7B-B8175ABCA214}
		{2A529AAE-0337-4281-92F5-49F47ED438FC} = {CCA0162C-9650-462A-A25B-77C3DD16FD7B}
		{8849A75C-E5C0-4A3E-954A-F9356FAA1216} = {A9F0B59C-D652-4283-B746-4482DFA0EE42}
		{DB141DA1-8E37-40E7-A892-52111CDFDE70} = {66C0E1EA-F37F-4BEB-9D7B-B8175ABCA214}
		{48244611-C434-4CF5-A3CF-D4D8E8302D97} = {DB141DA1-8E37-40E7-A892-52111CDFDE70}
		{B2F92337-6A58-497A-99F1-D8E5B3077273} = {DB141DA1-8E37-40E7-A892-52111CDFDE70}
	EndGlobalSection
EndGlobal
