
Microsoft Visual Studio Solution File, Format Version 12.00
Project("{2150E333-8FDC-42A3-9474-1A3956D46DE8}") = "microservices", "microservices", "{EA5EDC6A-34F2-4E2F-BEBB-4CA58CB62448}"
EndProject
Project("{2150E333-8FDC-42A3-9474-1A3956D46DE8}") = "catalog", "catalog", "{66C0E1EA-F37F-4BEB-9D7B-B8175ABCA214}"
EndProject
Project("{2150E333-8FDC-42A3-9474-1A3956D46DE8}") = "domain", "domain", "{A9F0B59C-D652-4283-B746-4482DFA0EE42}"
EndProject
Project("{2150E333-8FDC-42A3-9474-1A3956D46DE8}") = "persistence", "persistence", "{CCA0162C-9650-462A-A25B-77C3DD16FD7B}"
EndProject
Project("{2150E333-8FDC-42A3-9474-1A3956D46DE8}") = "apis", "apis", "{DB141DA1-8E37-40E7-A892-52111CDFDE70}"
EndProject
Project("{2150E333-8FDC-42A3-9474-1A3956D46DE8}") = "src", "src", "{E641ADE4-3C16-4DBD-BF2D-953EED665574}"
	ProjectSection(SolutionItems) = preProject
		README.md = README.md
	EndProjectSection
EndProject
Project("{FAE04EC0-301F-11D3-BF4B-00C04F79EFBC}") = "Senai.TCC.Catalog.Domain", "src\microservices\catalog\domain\Senai.TCC.Catalog.Domain\Senai.TCC.Catalog.Domain.csproj", "{A88EF862-113B-4B0C-A274-8A4F958571FB}"
EndProject
Project("{FAE04EC0-301F-11D3-BF4B-00C04F79EFBC}") = "Senai.TCC.Catalog.Application", "src\microservices\catalog\domain\Senai.TCC.Catalog.Application\Senai.TCC.Catalog.Application.csproj", "{833D500C-6954-4C96-A44A-FEAB34FCCDED}"
EndProject
Project("{FAE04EC0-301F-11D3-BF4B-00C04F79EFBC}") = "Senai.TCC.Catalog.Persistence.SqlServer.EFCore", "src\microservices\catalog\persistence\Senai.TCC.Catalog.Persistence.SqlServer.EFCore\Senai.TCC.Catalog.Persistence.SqlServer.EFCore.csproj", "{A4DD9FED-D870-44EA-B1EB-4739EE463B4F}"
EndProject
Project("{FAE04EC0-301F-11D3-BF4B-00C04F79EFBC}") = "Senai.TCC.Catalog.Api.GraphQL", "src\microservices\catalog\apis\Senai.TCC.Catalog.Api.GraphQL\Senai.TCC.Catalog.Api.GraphQL.csproj", "{CED45E8C-F764-4A99-B04D-623EB97EC598}"
EndProject
Project("{FAE04EC0-301F-11D3-BF4B-00C04F79EFBC}") = "Senai.TCC.Catalog.Api.RESTful", "src\microservices\catalog\apis\Senai.TCC.Catalog.Api.RESTful\Senai.TCC.Catalog.Api.RESTful.csproj", "{4483CE1B-3101-4CA9-BB15-D7067B92CF6C}"
EndProject
Project("{FAE04EC0-301F-11D3-BF4B-00C04F79EFBC}") = "Senai.TCC.Catalog.Persistence.Postgres.EFCore", "src\microservices\catalog\persistence\Senai.TCC.Catalog.Persistence.Postgres.EFCore\Senai.TCC.Catalog.Persistence.Postgres.EFCore.csproj", "{8A448AEE-30ED-436F-AD6E-CCCE19C6E952}"
EndProject
Project("{2150E333-8FDC-42A3-9474-1A3956D46DE8}") = "shared", "shared", "{06F934C9-6D89-4C7B-B6F6-9B9882A340F9}"
EndProject
Project("{FAE04EC0-301F-11D3-BF4B-00C04F79EFBC}") = "Senai.TCC.Base", "src\shared\Senai.TCC.Base\Senai.TCC.Base.csproj", "{9BC03548-D54A-4AB0-86C6-BAC890C310C3}"
EndProject
Project("{2150E333-8FDC-42A3-9474-1A3956D46DE8}") = "shared", "shared", "{D350BE0B-F96E-4631-B34A-EFA720C4587C}"
EndProject
Project("{FAE04EC0-301F-11D3-BF4B-00C04F79EFBC}") = "Senai.TCC.Catalog.Shared", "src\microservices\catalog\shared\Senai.TCC.Catalog.Shared\Senai.TCC.Catalog.Shared.csproj", "{213F2442-5853-4658-8FF4-45407A18D458}"
EndProject
Global
	GlobalSection(SolutionConfigurationPlatforms) = preSolution
		Debug|Any CPU = Debug|Any CPU
		Release|Any CPU = Release|Any CPU
	EndGlobalSection
	GlobalSection(ProjectConfigurationPlatforms) = postSolution
		{A88EF862-113B-4B0C-A274-8A4F958571FB}.Debug|Any CPU.ActiveCfg = Debug|Any CPU
		{A88EF862-113B-4B0C-A274-8A4F958571FB}.Debug|Any CPU.Build.0 = Debug|Any CPU
		{A88EF862-113B-4B0C-A274-8A4F958571FB}.Release|Any CPU.ActiveCfg = Release|Any CPU
		{A88EF862-113B-4B0C-A274-8A4F958571FB}.Release|Any CPU.Build.0 = Release|Any CPU
		{833D500C-6954-4C96-A44A-FEAB34FCCDED}.Debug|Any CPU.ActiveCfg = Debug|Any CPU
		{833D500C-6954-4C96-A44A-FEAB34FCCDED}.Debug|Any CPU.Build.0 = Debug|Any CPU
		{833D500C-6954-4C96-A44A-FEAB34FCCDED}.Release|Any CPU.ActiveCfg = Release|Any CPU
		{833D500C-6954-4C96-A44A-FEAB34FCCDED}.Release|Any CPU.Build.0 = Release|Any CPU
		{A4DD9FED-D870-44EA-B1EB-4739EE463B4F}.Debug|Any CPU.ActiveCfg = Debug|Any CPU
		{A4DD9FED-D870-44EA-B1EB-4739EE463B4F}.Debug|Any CPU.Build.0 = Debug|Any CPU
		{A4DD9FED-D870-44EA-B1EB-4739EE463B4F}.Release|Any CPU.ActiveCfg = Release|Any CPU
		{A4DD9FED-D870-44EA-B1EB-4739EE463B4F}.Release|Any CPU.Build.0 = Release|Any CPU
		{CED45E8C-F764-4A99-B04D-623EB97EC598}.Debug|Any CPU.ActiveCfg = Debug|Any CPU
		{CED45E8C-F764-4A99-B04D-623EB97EC598}.Debug|Any CPU.Build.0 = Debug|Any CPU
		{CED45E8C-F764-4A99-B04D-623EB97EC598}.Release|Any CPU.ActiveCfg = Release|Any CPU
		{CED45E8C-F764-4A99-B04D-623EB97EC598}.Release|Any CPU.Build.0 = Release|Any CPU
		{4483CE1B-3101-4CA9-BB15-D7067B92CF6C}.Debug|Any CPU.ActiveCfg = Debug|Any CPU
		{4483CE1B-3101-4CA9-BB15-D7067B92CF6C}.Debug|Any CPU.Build.0 = Debug|Any CPU
		{4483CE1B-3101-4CA9-BB15-D7067B92CF6C}.Release|Any CPU.ActiveCfg = Release|Any CPU
		{4483CE1B-3101-4CA9-BB15-D7067B92CF6C}.Release|Any CPU.Build.0 = Release|Any CPU
		{8A448AEE-30ED-436F-AD6E-CCCE19C6E952}.Debug|Any CPU.ActiveCfg = Debug|Any CPU
		{8A448AEE-30ED-436F-AD6E-CCCE19C6E952}.Debug|Any CPU.Build.0 = Debug|Any CPU
		{8A448AEE-30ED-436F-AD6E-CCCE19C6E952}.Release|Any CPU.ActiveCfg = Release|Any CPU
		{8A448AEE-30ED-436F-AD6E-CCCE19C6E952}.Release|Any CPU.Build.0 = Release|Any CPU
		{9BC03548-D54A-4AB0-86C6-BAC890C310C3}.Debug|Any CPU.ActiveCfg = Debug|Any CPU
		{9BC03548-D54A-4AB0-86C6-BAC890C310C3}.Debug|Any CPU.Build.0 = Debug|Any CPU
		{9BC03548-D54A-4AB0-86C6-BAC890C310C3}.Release|Any CPU.ActiveCfg = Release|Any CPU
		{9BC03548-D54A-4AB0-86C6-BAC890C310C3}.Release|Any CPU.Build.0 = Release|Any CPU
		{213F2442-5853-4658-8FF4-45407A18D458}.Debug|Any CPU.ActiveCfg = Debug|Any CPU
		{213F2442-5853-4658-8FF4-45407A18D458}.Debug|Any CPU.Build.0 = Debug|Any CPU
		{213F2442-5853-4658-8FF4-45407A18D458}.Release|Any CPU.ActiveCfg = Release|Any CPU
		{213F2442-5853-4658-8FF4-45407A18D458}.Release|Any CPU.Build.0 = Release|Any CPU
	EndGlobalSection
	GlobalSection(NestedProjects) = preSolution
		{66C0E1EA-F37F-4BEB-9D7B-B8175ABCA214} = {EA5EDC6A-34F2-4E2F-BEBB-4CA58CB62448}
		{A9F0B59C-D652-4283-B746-4482DFA0EE42} = {66C0E1EA-F37F-4BEB-9D7B-B8175ABCA214}
		{CCA0162C-9650-462A-A25B-77C3DD16FD7B} = {66C0E1EA-F37F-4BEB-9D7B-B8175ABCA214}
		{DB141DA1-8E37-40E7-A892-52111CDFDE70} = {66C0E1EA-F37F-4BEB-9D7B-B8175ABCA214}
		{EA5EDC6A-34F2-4E2F-BEBB-4CA58CB62448} = {E641ADE4-3C16-4DBD-BF2D-953EED665574}
		{A88EF862-113B-4B0C-A274-8A4F958571FB} = {A9F0B59C-D652-4283-B746-4482DFA0EE42}
		{833D500C-6954-4C96-A44A-FEAB34FCCDED} = {A9F0B59C-D652-4283-B746-4482DFA0EE42}
		{A4DD9FED-D870-44EA-B1EB-4739EE463B4F} = {CCA0162C-9650-462A-A25B-77C3DD16FD7B}
		{CED45E8C-F764-4A99-B04D-623EB97EC598} = {DB141DA1-8E37-40E7-A892-52111CDFDE70}
		{4483CE1B-3101-4CA9-BB15-D7067B92CF6C} = {DB141DA1-8E37-40E7-A892-52111CDFDE70}
		{8A448AEE-30ED-436F-AD6E-CCCE19C6E952} = {CCA0162C-9650-462A-A25B-77C3DD16FD7B}
		{06F934C9-6D89-4C7B-B6F6-9B9882A340F9} = {E641ADE4-3C16-4DBD-BF2D-953EED665574}
		{9BC03548-D54A-4AB0-86C6-BAC890C310C3} = {06F934C9-6D89-4C7B-B6F6-9B9882A340F9}
		{D350BE0B-F96E-4631-B34A-EFA720C4587C} = {66C0E1EA-F37F-4BEB-9D7B-B8175ABCA214}
		{213F2442-5853-4658-8FF4-45407A18D458} = {D350BE0B-F96E-4631-B34A-EFA720C4587C}
	EndGlobalSection
EndGlobal
